
Microsoft Visual Studio Solution File, Format Version 12.00
# Visual Studio 15
Project("{FAE04EC0-301F-11D3-BF4B-00C04F79EFBC}") = "KroguSoft-DigiWorks", "KroguSoft-DigiWorks.csproj", "{13F63B10-A48A-B366-3123-B7293E83494B}"
EndProject
Project("{FAE04EC0-301F-11D3-BF4B-00C04F79EFBC}") = "KroguSoft-DigiWorks.Editor", "KroguSoft-DigiWorks.Editor.csproj", "{942AC5C1-6C8F-7FC0-EB92-EC95EE6ACA5E}"
EndProject
Global
	GlobalSection(SolutionConfigurationPlatforms) = preSolution
		Debug|Any CPU = Debug|Any CPU
		Release|Any CPU = Release|Any CPU
	EndGlobalSection
	GlobalSection(ProjectConfigurationPlatforms) = postSolution
		{13F63B10-A48A-B366-3123-B7293E83494B}.Debug|Any CPU.ActiveCfg = Debug|Any CPU
		{13F63B10-A48A-B366-3123-B7293E83494B}.Debug|Any CPU.Build.0 = Debug|Any CPU
		{13F63B10-A48A-B366-3123-B7293E83494B}.Release|Any CPU.ActiveCfg = Release|Any CPU
		{13F63B10-A48A-B366-3123-B7293E83494B}.Release|Any CPU.Build.0 = Release|Any CPU
		{942AC5C1-6C8F-7FC0-EB92-EC95EE6ACA5E}.Debug|Any CPU.ActiveCfg = Debug|Any CPU
		{942AC5C1-6C8F-7FC0-EB92-EC95EE6ACA5E}.Debug|Any CPU.Build.0 = Debug|Any CPU
		{942AC5C1-6C8F-7FC0-EB92-EC95EE6ACA5E}.Release|Any CPU.ActiveCfg = Release|Any CPU
		{942AC5C1-6C8F-7FC0-EB92-EC95EE6ACA5E}.Release|Any CPU.Build.0 = Release|Any CPU
	EndGlobalSection
	GlobalSection(SolutionProperties) = preSolution
		HideSolutionNode = FALSE
	EndGlobalSection
EndGlobal
